{
  "name": "bytearena-agent-demo",
  "version": "0.0.1",
  "lockfileVersion": 1,
  "requires": true,
  "dependencies": {
    "bytearena-sdk": {
      "version": "0.0.6",
      "resolved": "https://registry.npmjs.org/bytearena-sdk/-/bytearena-sdk-0.0.6.tgz",
      "integrity": "sha512-wOBiY3kKF2xsoX93vKC8mSCd8KqUBkXG+WfrzUQdkKyk6HZCpBZWQq0UetgnWzW6HpyyCTAPJZx9RWtzchMvGg==",
      "requires": {
        "bytearena-sdk-comm": "0.0.6",
        "bytearena-sdk-vector2": "0.0.6"
      }
    },
    "bytearena-sdk-comm": {
      "version": "0.0.6",
      "resolved": "https://registry.npmjs.org/bytearena-sdk-comm/-/bytearena-sdk-comm-0.0.6.tgz",
      "integrity": "sha512-wp9yStjY5ixBJZl8ptF5xBEmX1ZnHic1tmQiJe5Pn/IGnAX2XKhvzHzqQFwmgwnHDYn9IkcUL09pvoSSEX62gA=="
    },
    "bytearena-sdk-math": {
      "version": "0.0.6",
      "resolved": "https://registry.npmjs.org/bytearena-sdk-math/-/bytearena-sdk-math-0.0.6.tgz",
      "integrity": "sha512-iSv9A2qex1kxcUI1BZn2IasYbnrM/CoCCyYMXtOzTd92fiF0I4cRtqbaWM+wODO82dd7nZ+LxUI0intA84T7ew=="
    },
    "bytearena-sdk-vector2": {
      "version": "0.0.6",
      "resolved": "https://registry.npmjs.org/bytearena-sdk-vector2/-/bytearena-sdk-vector2-0.0.6.tgz",
      "integrity": "sha512-fNDl+rQrDLAnTq89+quEDPc/eS8J6f7WlvI41YKo0RKuyXtr4eXZya3TnyChdH7DXgz8I/idBrdToaCMb63tBg==",
      "requires": {
        "bytearena-sdk-math": "0.0.6"
      }
    }
  }
}
