{
  "name": "bytearena-agent-demo",
  "version": "0.0.1",
  "lockfileVersion": 1,
  "requires": true,
  "dependencies": {
    "bytearena-sdk": {
      "version": "0.0.14",
      "resolved": "https://registry.npmjs.org/bytearena-sdk/-/bytearena-sdk-0.0.14.tgz",
      "integrity": "sha512-nBwDEl3rUoTZWeqDJK9ONSaC1DGLIAegNPM3jVNo1OVyaY9OFWwSYMoaWKrkfnlqF5DRwbq7/AreMsu9gKBzMA==",
      "requires": {
        "bytearena-sdk-comm": "0.0.14",
        "bytearena-sdk-vector2": "0.0.14"
      },
      "dependencies": {
        "bytearena-sdk-comm": {
          "version": "0.0.14",
          "resolved": "https://registry.npmjs.org/bytearena-sdk-comm/-/bytearena-sdk-comm-0.0.14.tgz",
          "integrity": "sha512-iL5d/O45gQ0a5cGvifHlmhsP7Hcgig+etKV5yXj+RkVfyA7iLVGXjor0Vxsy/6mgMHtEEOIqh5wREwQ9PwCg4A=="
        },
        "bytearena-sdk-math": {
          "version": "0.0.14",
          "resolved": "https://registry.npmjs.org/bytearena-sdk-math/-/bytearena-sdk-math-0.0.14.tgz",
          "integrity": "sha512-51uMy5woalNxmcv+OEYWXhJPZ93/dCyQ0bwgVH/JmUuaQpHT7O8ljYV3dGTj/4MSL8VcWPntAAaORVqQHp3uEw=="
        },
        "bytearena-sdk-vector2": {
          "version": "0.0.14",
          "resolved": "https://registry.npmjs.org/bytearena-sdk-vector2/-/bytearena-sdk-vector2-0.0.14.tgz",
          "integrity": "sha512-rn7JukSyzNG/lzTFkjZKIbEW34p/QqN9TdxQzVzd7GEnBx3tQKAoZ7SMb8ZyMIsIF6q8XbXBr0qgDj6xWWke9Q==",
          "requires": {
            "bytearena-sdk-math": "0.0.14"
          }
        }
      }
    }
  }
}
