{
  "name": "bytearena-agent-demo",
  "version": "0.0.1",
  "lockfileVersion": 1,
  "requires": true,
  "dependencies": {
    "bytearena-sdk": {
      "version": "0.0.13-y.3",
      "resolved": "https://registry.npmjs.org/bytearena-sdk/-/bytearena-sdk-0.0.13-y.3.tgz",
      "integrity": "sha512-JA9sF++LYrTsMZ2uoxD9ImfFQzcIk3YPoNYKZI8ZrzgbT+kQdbdXiBxoKlUAngspBC0JFx84jL/Qs++uUadgiQ==",
      "requires": {
        "bytearena-sdk-comm": "0.0.13-y.3",
        "bytearena-sdk-vector2": "0.0.9"
      }
    },
    "bytearena-sdk-comm": {
      "version": "0.0.13-y.3",
      "resolved": "https://registry.npmjs.org/bytearena-sdk-comm/-/bytearena-sdk-comm-0.0.13-y.3.tgz",
      "integrity": "sha512-zLJXCRaUkm4wwwNmRLaQp9eoz97tL9NXS3a1NVtr+5MiAYQyD/vTrKb1LxXkY2IL793R7EQh6+hMuwYnMoYpHg=="
    },
    "bytearena-sdk-math": {
      "version": "0.0.6",
      "resolved": "https://registry.npmjs.org/bytearena-sdk-math/-/bytearena-sdk-math-0.0.6.tgz",
      "integrity": "sha512-iSv9A2qex1kxcUI1BZn2IasYbnrM/CoCCyYMXtOzTd92fiF0I4cRtqbaWM+wODO82dd7nZ+LxUI0intA84T7ew=="
    },
    "bytearena-sdk-vector2": {
      "version": "0.0.9",
      "resolved": "https://registry.npmjs.org/bytearena-sdk-vector2/-/bytearena-sdk-vector2-0.0.9.tgz",
      "integrity": "sha512-WgqyWZBWDpY3NDZidaPyhsxC2EESljBiMHMA8UtHmmkrweSDYMCiYJ3F5F30KDDLqlAvG/au/VF2mZRPsgztVQ==",
      "requires": {
        "bytearena-sdk-math": "0.0.6"
      }
    }
  }
}
